
Microsoft Visual Studio Solution File, Format Version 12.00
# Visual Studio Version 17
VisualStudioVersion = 17.14.36121.58 d17.14
MinimumVisualStudioVersion = 10.0.40219.1
Project("{FAE04EC0-301F-11D3-BF4B-00C04F79EFBC}") = "PEOReplayAnalyser", "PEOReplayAnalyser.csproj", "{4CEDC3E6-34DF-4738-8BFD-B23C8D0793CC}"
EndProject
Global
	GlobalSection(SolutionConfigurationPlatforms) = preSolution
		Debug|Any CPU = Debug|Any CPU
		Release|Any CPU = Release|Any CPU
	EndGlobalSection
	GlobalSection(ProjectConfigurationPlatforms) = postSolution
		{4CEDC3E6-34DF-4738-8BFD-B23C8D0793CC}.Debug|Any CPU.ActiveCfg = Debug|Any CPU
		{4CEDC3E6-34DF-4738-8BFD-B23C8D0793CC}.Debug|Any CPU.Build.0 = Debug|Any CPU
		{4CEDC3E6-34DF-4738-8BFD-B23C8D0793CC}.Release|Any CPU.ActiveCfg = Release|Any CPU
		{4CEDC3E6-34DF-4738-8BFD-B23C8D0793CC}.Release|Any CPU.Build.0 = Release|Any CPU
	EndGlobalSection
	GlobalSection(SolutionProperties) = preSolution
		HideSolutionNode = FALSE
	EndGlobalSection
	GlobalSection(ExtensibilityGlobals) = postSolution
		SolutionGuid = {CFE022CB-9E6E-4827-B3AC-E237BDFCF3A3}
	EndGlobalSection
EndGlobal
